
Microsoft Visual Studio Solution File, Format Version 12.00
# Visual Studio Version 16
VisualStudioVersion = 16.0.30907.101
MinimumVisualStudioVersion = 10.0.40219.1
Project("{FAE04EC0-301F-11D3-BF4B-00C04F79EFBC}") = "RapidLaunchLTDApplication", "RapidLaunchLTDApplication\RapidLaunchLTDApplication.csproj", "{4AC50474-E935-4E25-8138-058D05B89FD4}"
EndProject
Global
	GlobalSection(SolutionConfigurationPlatforms) = preSolution
		Debug|Any CPU = Debug|Any CPU
		Release|Any CPU = Release|Any CPU
	EndGlobalSection
	GlobalSection(ProjectConfigurationPlatforms) = postSolution
		{4AC50474-E935-4E25-8138-058D05B89FD4}.Debug|Any CPU.ActiveCfg = Debug|Any CPU
		{4AC50474-E935-4E25-8138-058D05B89FD4}.Debug|Any CPU.Build.0 = Debug|Any CPU
		{4AC50474-E935-4E25-8138-058D05B89FD4}.Release|Any CPU.ActiveCfg = Release|Any CPU
		{4AC50474-E935-4E25-8138-058D05B89FD4}.Release|Any CPU.Build.0 = Release|Any CPU
	EndGlobalSection
	GlobalSection(SolutionProperties) = preSolution
		HideSolutionNode = FALSE
	EndGlobalSection
	GlobalSection(ExtensibilityGlobals) = postSolution
		SolutionGuid = {9C1A45C9-B853-4B1F-B0AD-325912B44E7B}
	EndGlobalSection
EndGlobal
